
Microsoft Visual Studio Solution File, Format Version 11.00
# Visual Studio 2010
Project("{FAE04EC0-301F-11D3-BF4B-00C04F79EFBC}") = "CodeCoverage", "CodeCoverage\CodeCoverage.csproj", "{14DEAC8F-6D35-44FA-AA23-492C6D293368}"
EndProject
Project("{FAE04EC0-301F-11D3-BF4B-00C04F79EFBC}") = "CodeCoverageTest", "CodeCoverageTest\CodeCoverageTest.csproj", "{11D3280A-3C72-48CA-83F1-3643C4B15F6A}"
EndProject
Global
	GlobalSection(SolutionConfigurationPlatforms) = preSolution
		Debug|Any CPU = Debug|Any CPU
		Release|Any CPU = Release|Any CPU
	EndGlobalSection
	GlobalSection(ProjectConfigurationPlatforms) = postSolution
		{14DEAC8F-6D35-44FA-AA23-492C6D293368}.Debug|Any CPU.ActiveCfg = Debug|Any CPU
		{14DEAC8F-6D35-44FA-AA23-492C6D293368}.Debug|Any CPU.Build.0 = Debug|Any CPU
		{14DEAC8F-6D35-44FA-AA23-492C6D293368}.Release|Any CPU.ActiveCfg = Release|Any CPU
		{14DEAC8F-6D35-44FA-AA23-492C6D293368}.Release|Any CPU.Build.0 = Release|Any CPU
		{11D3280A-3C72-48CA-83F1-3643C4B15F6A}.Debug|Any CPU.ActiveCfg = Debug|Any CPU
		{11D3280A-3C72-48CA-83F1-3643C4B15F6A}.Debug|Any CPU.Build.0 = Debug|Any CPU
		{11D3280A-3C72-48CA-83F1-3643C4B15F6A}.Release|Any CPU.ActiveCfg = Release|Any CPU
		{11D3280A-3C72-48CA-83F1-3643C4B15F6A}.Release|Any CPU.Build.0 = Release|Any CPU
	EndGlobalSection
	GlobalSection(SolutionProperties) = preSolution
		HideSolutionNode = FALSE
	EndGlobalSection
EndGlobal
